
Microsoft Visual Studio Solution File, Format Version 12.00
# Visual Studio 14
VisualStudioVersion = 14.0.25420.1
MinimumVisualStudioVersion = 10.0.40219.1
Project("{2150E333-8FDC-42A3-9474-1A3956D46DE8}") = "Engine", "Engine", "{675DE2E5-24AE-4840-BB8B-033847E53FA0}"
EndProject
Project("{2150E333-8FDC-42A3-9474-1A3956D46DE8}") = "Games", "Games", "{063E7DF6-A293-475C-B49C-0AF4558051AA}"
EndProject
Project("{8BC9CEB8-8B4A-11D0-8D11-00A0C91BC942}") = "UE4", "Intermediate\ProjectFiles\UE4.vcxproj", "{52834972-21A9-439B-838A-0EC9EFE2963D}"
EndProject
Project("{8BC9CEB8-8B4A-11D0-8D11-00A0C91BC942}") = "WhiteNoise", "Intermediate\ProjectFiles\WhiteNoise.vcxproj", "{F94A5285-6AB5-4F5A-A3D8-C238E2CBCDEA}"
EndProject
Global
	GlobalSection(SolutionConfigurationPlatforms) = preSolution
		DebugGame Editor|HTML5 = DebugGame Editor|HTML5
		DebugGame Editor|Win32 = DebugGame Editor|Win32
		DebugGame Editor|Win64 = DebugGame Editor|Win64
		DebugGame|HTML5 = DebugGame|HTML5
		DebugGame|Win32 = DebugGame|Win32
		DebugGame|Win64 = DebugGame|Win64
		Development Editor|HTML5 = Development Editor|HTML5
		Development Editor|Win32 = Development Editor|Win32
		Development Editor|Win64 = Development Editor|Win64
		Development|HTML5 = Development|HTML5
		Development|Win32 = Development|Win32
		Development|Win64 = Development|Win64
		Shipping|HTML5 = Shipping|HTML5
		Shipping|Win32 = Shipping|Win32
		Shipping|Win64 = Shipping|Win64
	EndGlobalSection
	GlobalSection(ProjectConfigurationPlatforms) = postSolution
		{52834972-21A9-439B-838A-0EC9EFE2963D}.DebugGame Editor|HTML5.ActiveCfg = BuiltWithUnrealBuildTool|Win32
		{52834972-21A9-439B-838A-0EC9EFE2963D}.DebugGame Editor|HTML5.Build.0 = BuiltWithUnrealBuildTool|Win32
		{52834972-21A9-439B-838A-0EC9EFE2963D}.DebugGame Editor|Win32.ActiveCfg = BuiltWithUnrealBuildTool|Win32
		{52834972-21A9-439B-838A-0EC9EFE2963D}.DebugGame Editor|Win32.Build.0 = BuiltWithUnrealBuildTool|Win32
		{52834972-21A9-439B-838A-0EC9EFE2963D}.DebugGame Editor|Win64.ActiveCfg = BuiltWithUnrealBuildTool|Win32
		{52834972-21A9-439B-838A-0EC9EFE2963D}.DebugGame Editor|Win64.Build.0 = BuiltWithUnrealBuildTool|Win32
		{52834972-21A9-439B-838A-0EC9EFE2963D}.DebugGame|HTML5.ActiveCfg = BuiltWithUnrealBuildTool|Win32
		{52834972-21A9-439B-838A-0EC9EFE2963D}.DebugGame|HTML5.Build.0 = BuiltWithUnrealBuildTool|Win32
		{52834972-21A9-439B-838A-0EC9EFE2963D}.DebugGame|Win32.ActiveCfg = BuiltWithUnrealBuildTool|Win32
		{52834972-21A9-439B-838A-0EC9EFE2963D}.DebugGame|Win32.Build.0 = BuiltWithUnrealBuildTool|Win32
		{52834972-21A9-439B-838A-0EC9EFE2963D}.DebugGame|Win64.ActiveCfg = BuiltWithUnrealBuildTool|Win32
		{52834972-21A9-439B-838A-0EC9EFE2963D}.DebugGame|Win64.Build.0 = BuiltWithUnrealBuildTool|Win32
		{52834972-21A9-439B-838A-0EC9EFE2963D}.Development Editor|HTML5.ActiveCfg = BuiltWithUnrealBuildTool|Win32
		{52834972-21A9-439B-838A-0EC9EFE2963D}.Development Editor|HTML5.Build.0 = BuiltWithUnrealBuildTool|Win32
		{52834972-21A9-439B-838A-0EC9EFE2963D}.Development Editor|Win32.ActiveCfg = BuiltWithUnrealBuildTool|Win32
		{52834972-21A9-439B-838A-0EC9EFE2963D}.Development Editor|Win32.Build.0 = BuiltWithUnrealBuildTool|Win32
		{52834972-21A9-439B-838A-0EC9EFE2963D}.Development Editor|Win64.ActiveCfg = BuiltWithUnrealBuildTool|Win32
		{52834972-21A9-439B-838A-0EC9EFE2963D}.Development Editor|Win64.Build.0 = BuiltWithUnrealBuildTool|Win32
		{52834972-21A9-439B-838A-0EC9EFE2963D}.Development|HTML5.ActiveCfg = BuiltWithUnrealBuildTool|Win32
		{52834972-21A9-439B-838A-0EC9EFE2963D}.Development|HTML5.Build.0 = BuiltWithUnrealBuildTool|Win32
		{52834972-21A9-439B-838A-0EC9EFE2963D}.Development|Win32.ActiveCfg = BuiltWithUnrealBuildTool|Win32
		{52834972-21A9-439B-838A-0EC9EFE2963D}.Development|Win32.Build.0 = BuiltWithUnrealBuildTool|Win32
		{52834972-21A9-439B-838A-0EC9EFE2963D}.Development|Win64.ActiveCfg = BuiltWithUnrealBuildTool|Win32
		{52834972-21A9-439B-838A-0EC9EFE2963D}.Development|Win64.Build.0 = BuiltWithUnrealBuildTool|Win32
		{52834972-21A9-439B-838A-0EC9EFE2963D}.Shipping|HTML5.ActiveCfg = BuiltWithUnrealBuildTool|Win32
		{52834972-21A9-439B-838A-0EC9EFE2963D}.Shipping|HTML5.Build.0 = BuiltWithUnrealBuildTool|Win32
		{52834972-21A9-439B-838A-0EC9EFE2963D}.Shipping|Win32.ActiveCfg = BuiltWithUnrealBuildTool|Win32
		{52834972-21A9-439B-838A-0EC9EFE2963D}.Shipping|Win32.Build.0 = BuiltWithUnrealBuildTool|Win32
		{52834972-21A9-439B-838A-0EC9EFE2963D}.Shipping|Win64.ActiveCfg = BuiltWithUnrealBuildTool|Win32
		{52834972-21A9-439B-838A-0EC9EFE2963D}.Shipping|Win64.Build.0 = BuiltWithUnrealBuildTool|Win32
		{F94A5285-6AB5-4F5A-A3D8-C238E2CBCDEA}.DebugGame Editor|HTML5.ActiveCfg = HTML5_DebugGame_Editor|Win32
		{F94A5285-6AB5-4F5A-A3D8-C238E2CBCDEA}.DebugGame Editor|Win32.ActiveCfg = DebugGame_Editor|Win32
		{F94A5285-6AB5-4F5A-A3D8-C238E2CBCDEA}.DebugGame Editor|Win64.ActiveCfg = DebugGame_Editor|x64
		{F94A5285-6AB5-4F5A-A3D8-C238E2CBCDEA}.DebugGame Editor|Win64.Build.0 = DebugGame_Editor|x64
		{F94A5285-6AB5-4F5A-A3D8-C238E2CBCDEA}.DebugGame|HTML5.ActiveCfg = HTML5_DebugGame_Game|Win32
		{F94A5285-6AB5-4F5A-A3D8-C238E2CBCDEA}.DebugGame|HTML5.Build.0 = HTML5_DebugGame_Game|Win32
		{F94A5285-6AB5-4F5A-A3D8-C238E2CBCDEA}.DebugGame|Win32.ActiveCfg = DebugGame_Game|Win32
		{F94A5285-6AB5-4F5A-A3D8-C238E2CBCDEA}.DebugGame|Win32.Build.0 = DebugGame_Game|Win32
		{F94A5285-6AB5-4F5A-A3D8-C238E2CBCDEA}.DebugGame|Win64.ActiveCfg = DebugGame_Game|x64
		{F94A5285-6AB5-4F5A-A3D8-C238E2CBCDEA}.DebugGame|Win64.Build.0 = DebugGame_Game|x64
		{F94A5285-6AB5-4F5A-A3D8-C238E2CBCDEA}.Development Editor|HTML5.ActiveCfg = HTML5_Development_Editor|Win32
		{F94A5285-6AB5-4F5A-A3D8-C238E2CBCDEA}.Development Editor|Win32.ActiveCfg = Development_Editor|Win32
		{F94A5285-6AB5-4F5A-A3D8-C238E2CBCDEA}.Development Editor|Win64.ActiveCfg = Development_Editor|x64
		{F94A5285-6AB5-4F5A-A3D8-C238E2CBCDEA}.Development Editor|Win64.Build.0 = Development_Editor|x64
		{F94A5285-6AB5-4F5A-A3D8-C238E2CBCDEA}.Development|HTML5.ActiveCfg = HTML5_Development_Game|Win32
		{F94A5285-6AB5-4F5A-A3D8-C238E2CBCDEA}.Development|HTML5.Build.0 = HTML5_Development_Game|Win32
		{F94A5285-6AB5-4F5A-A3D8-C238E2CBCDEA}.Development|Win32.ActiveCfg = Development_Game|Win32
		{F94A5285-6AB5-4F5A-A3D8-C238E2CBCDEA}.Development|Win32.Build.0 = Development_Game|Win32
		{F94A5285-6AB5-4F5A-A3D8-C238E2CBCDEA}.Development|Win64.ActiveCfg = Development_Game|x64
		{F94A5285-6AB5-4F5A-A3D8-C238E2CBCDEA}.Development|Win64.Build.0 = Development_Game|x64
		{F94A5285-6AB5-4F5A-A3D8-C238E2CBCDEA}.Shipping|HTML5.ActiveCfg = HTML5_Shipping_Game|Win32
		{F94A5285-6AB5-4F5A-A3D8-C238E2CBCDEA}.Shipping|HTML5.Build.0 = HTML5_Shipping_Game|Win32
		{F94A5285-6AB5-4F5A-A3D8-C238E2CBCDEA}.Shipping|Win32.ActiveCfg = Shipping_Game|Win32
		{F94A5285-6AB5-4F5A-A3D8-C238E2CBCDEA}.Shipping|Win32.Build.0 = Shipping_Game|Win32
		{F94A5285-6AB5-4F5A-A3D8-C238E2CBCDEA}.Shipping|Win64.ActiveCfg = Shipping_Game|x64
		{F94A5285-6AB5-4F5A-A3D8-C238E2CBCDEA}.Shipping|Win64.Build.0 = Shipping_Game|x64
	EndGlobalSection
	GlobalSection(SolutionProperties) = preSolution
		HideSolutionNode = FALSE
	EndGlobalSection
	GlobalSection(NestedProjects) = preSolution
		{52834972-21A9-439B-838A-0EC9EFE2963D} = {675DE2E5-24AE-4840-BB8B-033847E53FA0}
		{F94A5285-6AB5-4F5A-A3D8-C238E2CBCDEA} = {063E7DF6-A293-475C-B49C-0AF4558051AA}
	EndGlobalSection
EndGlobal
